lockfileVersion: '9.0'

settings:
  autoInstallPeers: true
  excludeLinksFromLockfile: false

importers:

  .:
    dependencies:
      nodemailer:
        specifier: ^7.0.11
        version: 7.0.11

packages:

  nodemailer@7.0.11:
    resolution: {integrity: sha512-gnXhNRE0FNhD7wPSCGhdNh46Hs6nm+uTyg+Kq0cZukNQiYdnCsoQjodNP9BQVG9XrcK/v6/MgpAPBUFyzh9pvw==}
    engines: {node: '>=6.0.0'}

snapshots:

  nodemailer@7.0.11: {}
